// !$*UTF8*$!
{
	archiveVersion = 1;
	classes = {
	};
	objectVersion = 46;
	objects = {

/* Begin PBXBuildFile section */
		003078021AE8F114007222F4 /* ShrinkingViewController.swift in Sources */ = {isa = PBXBuildFile; fileRef = 003078011AE8F113007222F4 /* ShrinkingViewController.swift */; };
		007804CB1AE4F480001C0553 /* AppDelegate.swift in Sources */ = {isa = PBXBuildFile; fileRef = 007804CA1AE4F480001C0553 /* AppDelegate.swift */; };
		007804D01AE4F480001C0553 /* Main.storyboard in Resources */ = {isa = PBXBuildFile; fileRef = 007804CE1AE4F480001C0553 /* Main.storyboard */; };
		007804D21AE4F480001C0553 /* Images.xcassets in Resources */ = {isa = PBXBuildFile; fileRef = 007804D11AE4F480001C0553 /* Images.xcassets */; };
		007804D51AE4F480001C0553 /* LaunchScreen.xib in Resources */ = {isa = PBXBuildFile; fileRef = 007804D31AE4F480001C0553 /* LaunchScreen.xib */; };
		007804FB1AE51A6B001C0553 /* FrameUtils.m in Sources */ = {isa = PBXBuildFile; fileRef = 007804F61AE51A6B001C0553 /* FrameUtils.m */; };
		007804FD1AE51A6B001C0553 /* UIView+FrameUtils.m in Sources */ = {isa = PBXBuildFile; fileRef = 007804F91AE51A6B001C0553 /* UIView+FrameUtils.m */; };
		D21B2087E31960E84C6074B8 /* libPods.a in Frameworks */ = {isa = PBXBuildFile; fileRef = 2AFF46CBEEF61B158A216483 /* libPods.a */; };
/* End PBXBuildFile section */

/* Begin PBXFileReference section */
		003078011AE8F113007222F4 /* ShrinkingViewController.swift */ = {isa = PBXFileReference; fileEncoding = 4; lastKnownFileType = sourcecode.swift; path = ShrinkingViewController.swift; sourceTree = "<group>"; };
		007804C51AE4F480001C0553 /* expandingTableViewCells.app */ = {isa = PBXFileReference; explicitFileType = wrapper.application; includeInIndex = 0; path = expandingTableViewCells.app; sourceTree = BUILT_PRODUCTS_DIR; };
		007804C91AE4F480001C0553 /* Info.plist */ = {isa = PBXFileReference; lastKnownFileType = text.plist.xml; path = Info.plist; sourceTree = "<group>"; };
		007804CA1AE4F480001C0553 /* AppDelegate.swift */ = {isa = PBXFileReference; lastKnownFileType = sourcecode.swift; path = AppDelegate.swift; sourceTree = "<group>"; };
		007804CF1AE4F480001C0553 /* Base */ = {isa = PBXFileReference; lastKnownFileType = file.storyboard; name = Base; path = Base.lproj/Main.storyboard; sourceTree = "<group>"; };
		007804D11AE4F480001C0553 /* Images.xcassets */ = {isa = PBXFileReference; lastKnownFileType = folder.assetcatalog; path = Images.xcassets; sourceTree = "<group>"; };
		007804D41AE4F480001C0553 /* Base */ = {isa = PBXFileReference; lastKnownFileType = file.xib; name = Base; path = Base.lproj/LaunchScreen.xib; sourceTree = "<group>"; };
		007804F21AE51303001C0553 /* Bridging-Header.h */ = {isa = PBXFileReference; lastKnownFileType = sourcecode.c.h; path = "Bridging-Header.h"; sourceTree = "<group>"; };
		007804F51AE51A6B001C0553 /* FrameUtils.h */ = {isa = PBXFileReference; fileEncoding = 4; lastKnownFileType = sourcecode.c.h; path = FrameUtils.h; sourceTree = "<group>"; };
		007804F61AE51A6B001C0553 /* FrameUtils.m */ = {isa = PBXFileReference; fileEncoding = 4; lastKnownFileType = sourcecode.c.objc; path = FrameUtils.m; sourceTree = "<group>"; };
		007804F81AE51A6B001C0553 /* UIView+FrameUtils.h */ = {isa = PBXFileReference; fileEncoding = 4; lastKnownFileType = sourcecode.c.h; path = "UIView+FrameUtils.h"; sourceTree = "<group>"; };
		007804F91AE51A6B001C0553 /* UIView+FrameUtils.m */ = {isa = PBXFileReference; fileEncoding = 4; lastKnownFileType = sourcecode.c.objc; path = "UIView+FrameUtils.m"; sourceTree = "<group>"; };
		171CE637D1C2531834FD082F /* Pods.release.xcconfig */ = {isa = PBXFileReference; includeInIndex = 1; lastKnownFileType = text.xcconfig; name = Pods.release.xcconfig; path = "Pods/Target Support Files/Pods/Pods.release.xcconfig"; sourceTree = "<group>"; };
		1951D0D191672ACD813A59DF /* Pods.debug.xcconfig */ = {isa = PBXFileReference; includeInIndex = 1; lastKnownFileType = text.xcconfig; name = Pods.debug.xcconfig; path = "Pods/Target Support Files/Pods/Pods.debug.xcconfig"; sourceTree = "<group>"; };
		2AFF46CBEEF61B158A216483 /* libPods.a */ = {isa = PBXFileReference; explicitFileType = archive.ar; includeInIndex = 0; path = libPods.a; sourceTree = BUILT_PRODUCTS_DIR; };
/* End PBXFileReference section */

/* Begin PBXFrameworksBuildPhase section */
		007804C21AE4F480001C0553 /* Frameworks */ = {
			isa = PBXFrameworksBuildPhase;
			buildActionMask = 2147483647;
			files = (
				D21B2087E31960E84C6074B8 /* libPods.a in Frameworks */,
			);
			runOnlyForDeploymentPostprocessing = 0;
		};
/* End PBXFrameworksBuildPhase section */

/* Begin PBXGroup section */
		007804BC1AE4F47F001C0553 = {
			isa = PBXGroup;
			children = (
				007804F31AE51A5E001C0553 /* ThirdParty */,
				007804C71AE4F480001C0553 /* expandingTableViewCells */,
				007804C61AE4F480001C0553 /* Products */,
				AE43BEBE881B68BBB893150A /* Pods */,
				F73A6CDBF358DAA719198B3B /* Frameworks */,
			);
			sourceTree = "<group>";
		};
		007804C61AE4F480001C0553 /* Products */ = {
			isa = PBXGroup;
			children = (
				007804C51AE4F480001C0553 /* expandingTableViewCells.app */,
			);
			name = Products;
			sourceTree = "<group>";
		};
		007804C71AE4F480001C0553 /* expandingTableViewCells */ = {
			isa = PBXGroup;
			children = (
				007804CA1AE4F480001C0553 /* AppDelegate.swift */,
				007804CE1AE4F480001C0553 /* Main.storyboard */,
				007804D11AE4F480001C0553 /* Images.xcassets */,
				007804D31AE4F480001C0553 /* LaunchScreen.xib */,
				007804C81AE4F480001C0553 /* Supporting Files */,
				003078011AE8F113007222F4 /* ShrinkingViewController.swift */,
			);
			path = expandingTableViewCells;
			sourceTree = "<group>";
		};
		007804C81AE4F480001C0553 /* Supporting Files */ = {
			isa = PBXGroup;
			children = (
				007804C91AE4F480001C0553 /* Info.plist */,
				007804F21AE51303001C0553 /* Bridging-Header.h */,
			);
			name = "Supporting Files";
			sourceTree = "<group>";
		};
		007804F31AE51A5E001C0553 /* ThirdParty */ = {
			isa = PBXGroup;
			children = (
				007804F41AE51A6B001C0553 /* FrameUtils */,
			);
			name = ThirdParty;
			sourceTree = "<group>";
		};
		007804F41AE51A6B001C0553 /* FrameUtils */ = {
			isa = PBXGroup;
			children = (
				007804F51AE51A6B001C0553 /* FrameUtils.h */,
				007804F61AE51A6B001C0553 /* FrameUtils.m */,
				007804F81AE51A6B001C0553 /* UIView+FrameUtils.h */,
				007804F91AE51A6B001C0553 /* UIView+FrameUtils.m */,
			);
			path = FrameUtils;
			sourceTree = "<group>";
		};
		AE43BEBE881B68BBB893150A /* Pods */ = {
			isa = PBXGroup;
			children = (
				1951D0D191672ACD813A59DF /* Pods.debug.xcconfig */,
				171CE637D1C2531834FD082F /* Pods.release.xcconfig */,
			);
			name = Pods;
			sourceTree = "<group>";
		};
		F73A6CDBF358DAA719198B3B /* Frameworks */ = {
			isa = PBXGroup;
			children = (
				2AFF46CBEEF61B158A216483 /* libPods.a */,
			);
			name = Frameworks;
			sourceTree = "<group>";
		};
/* End PBXGroup section */

/* Begin PBXNativeTarget section */
		007804C41AE4F480001C0553 /* expandingTableViewCells */ = {
			isa = PBXNativeTarget;
			buildConfigurationList = 007804E41AE4F480001C0553 /* Build configuration list for PBXNativeTarget "expandingTableViewCells" */;
			buildPhases = (
				8EA738F2C9ACA81AAF11AFC2 /* Check Pods Manifest.lock */,
				007804C11AE4F480001C0553 /* Sources */,
				007804C21AE4F480001C0553 /* Frameworks */,
				007804C31AE4F480001C0553 /* Resources */,
				990E399190ABBE12FB73B7C7 /* Copy Pods Resources */,
			);
			buildRules = (
			);
			dependencies = (
			);
			name = expandingTableViewCells;
			productName = expandingTableViewCells;
			productReference = 007804C51AE4F480001C0553 /* expandingTableViewCells.app */;
			productType = "com.apple.product-type.application";
		};
/* End PBXNativeTarget section */

/* Begin PBXProject section */
		007804BD1AE4F47F001C0553 /* Project object */ = {
			isa = PBXProject;
			attributes = {
				LastUpgradeCheck = 0610;
				ORGANIZATIONNAME = "Actual Experience plc";
				TargetAttributes = {
					007804C41AE4F480001C0553 = {
						CreatedOnToolsVersion = 6.1.1;
					};
				};
			};
			buildConfigurationList = 007804C01AE4F47F001C0553 /* Build configuration list for PBXProject "expandingTableViewCells" */;
			compatibilityVersion = "Xcode 3.2";
			developmentRegion = English;
			hasScannedForEncodings = 0;
			knownRegions = (
				en,
				Base,
			);
			mainGroup = 007804BC1AE4F47F001C0553;
			productRefGroup = 007804C61AE4F480001C0553 /* Products */;
			projectDirPath = "";
			projectRoot = "";
			targets = (
				007804C41AE4F480001C0553 /* expandingTableViewCells */,
			);
		};
/* End PBXProject section */

/* Begin PBXResourcesBuildPhase section */
		007804C31AE4F480001C0553 /* Resources */ = {
			isa = PBXResourcesBuildPhase;
			buildActionMask = 2147483647;
			files = (
				007804D01AE4F480001C0553 /* Main.storyboard in Resources */,
				007804D51AE4F480001C0553 /* LaunchScreen.xib in Resources */,
				007804D21AE4F480001C0553 /* Images.xcassets in Resources */,
			);
			runOnlyForDeploymentPostprocessing = 0;
		};
/* End PBXResourcesBuildPhase section */

/* Begin PBXShellScriptBuildPhase section */
		8EA738F2C9ACA81AAF11AFC2 /* Check Pods Manifest.lock */ = {
			isa = PBXShellScriptBuildPhase;
			buildActionMask = 2147483647;
			files = (
			);
			inputPaths = (
			);
			name = "Check Pods Manifest.lock";
			outputPaths = (
			);
			runOnlyForDeploymentPostprocessing = 0;
			shellPath = /bin/sh;
			shellScript = "diff \"${PODS_ROOT}/../Podfile.lock\" \"${PODS_ROOT}/Manifest.lock\" > /dev/null\nif [[ $? != 0 ]] ; then\n    cat << EOM\nerror: The sandbox is not in sync with the Podfile.lock. Run 'pod install' or update your CocoaPods installation.\nEOM\n    exit 1\nfi\n";
			showEnvVarsInLog = 0;
		};
		990E399190ABBE12FB73B7C7 /* Copy Pods Resources */ = {
			isa = PBXShellScriptBuildPhase;
			buildActionMask = 2147483647;
			files = (
			);
			inputPaths = (
			);
			name = "Copy Pods Resources";
			outputPaths = (
			);
			runOnlyForDeploymentPostprocessing = 0;
			shellPath = /bin/sh;
			shellScript = "\"${SRCROOT}/Pods/Target Support Files/Pods/Pods-resources.sh\"\n";
			showEnvVarsInLog = 0;
		};
/* End PBXShellScriptBuildPhase section */

/* Begin PBXSourcesBuildPhase section */
		007804C11AE4F480001C0553 /* Sources */ = {
			isa = PBXSourcesBuildPhase;
			buildActionMask = 2147483647;
			files = (
				003078021AE8F114007222F4 /* ShrinkingViewController.swift in Sources */,
				007804CB1AE4F480001C0553 /* AppDelegate.swift in Sources */,
				007804FB1AE51A6B001C0553 /* FrameUtils.m in Sources */,
				007804FD1AE51A6B001C0553 /* UIView+FrameUtils.m in Sources */,
			);
			runOnlyForDeploymentPostprocessing = 0;
		};
/* End PBXSourcesBuildPhase section */

/* Begin PBXVariantGroup section */
		007804CE1AE4F480001C0553 /* Main.storyboard */ = {
			isa = PBXVariantGroup;
			children = (
				007804CF1AE4F480001C0553 /* Base */,
			);
			name = Main.storyboard;
			sourceTree = "<group>";
		};
		007804D31AE4F480001C0553 /* LaunchScreen.xib */ = {
			isa = PBXVariantGroup;
			children = (
				007804D41AE4F480001C0553 /* Base */,
			);
			name = LaunchScreen.xib;
			sourceTree = "<group>";
		};
/* End PBXVariantGroup section */

/* Begin XCBuildConfiguration section */
		007804E21AE4F480001C0553 /* Debug */ = {
			isa = XCBuildConfiguration;
			buildSettings = {
				ALWAYS_SEARCH_USER_PATHS = NO;
				CLANG_CXX_LANGUAGE_STANDARD = "gnu++0x";
				CLANG_CXX_LIBRARY = "libc++";
				CLANG_ENABLE_MODULES = YES;
				CLANG_ENABLE_OBJC_ARC = YES;
				CLANG_WARN_BOOL_CONVERSION = YES;
				CLANG_WARN_CONSTANT_CONVERSION = YES;
				CLANG_WARN_DIRECT_OBJC_ISA_USAGE = YES_ERROR;
				CLANG_WARN_EMPTY_BODY = YES;
				CLANG_WARN_ENUM_CONVERSION = YES;
				CLANG_WARN_INT_CONVERSION = YES;
				CLANG_WARN_OBJC_ROOT_CLASS = YES_ERROR;
				CLANG_WARN_UNREACHABLE_CODE = YES;
				CLANG_WARN__DUPLICATE_METHOD_MATCH = YES;
				"CODE_SIGN_IDENTITY[sdk=iphoneos*]" = "iPhone Developer";
				COPY_PHASE_STRIP = NO;
				ENABLE_STRICT_OBJC_MSGSEND = YES;
				GCC_C_LANGUAGE_STANDARD = gnu99;
				GCC_DYNAMIC_NO_PIC = NO;
				GCC_OPTIMIZATION_LEVEL = 0;
				GCC_PREPROCESSOR_DEFINITIONS = (
					"DEBUG=1",
					"$(inherited)",
				);
				GCC_SYMBOLS_PRIVATE_EXTERN = NO;
				GCC_WARN_64_TO_32_BIT_CONVERSION = YES;
				GCC_WARN_ABOUT_RETURN_TYPE = YES_ERROR;
				GCC_WARN_UNDECLARED_SELECTOR = YES;
				GCC_WARN_UNINITIALIZED_AUTOS = YES_AGGRESSIVE;
				GCC_WARN_UNUSED_FUNCTION = YES;
				GCC_WARN_UNUSED_VARIABLE = YES;
				IPHONEOS_DEPLOYMENT_TARGET = 8.1;
				MTL_ENABLE_DEBUG_INFO = YES;
				ONLY_ACTIVE_ARCH = YES;
				SDKROOT = iphoneos;
				SWIFT_OPTIMIZATION_LEVEL = "-Onone";
			};
			name = Debug;
		};
		007804E31AE4F480001C0553 /* Release */ = {
			isa = XCBuildConfiguration;
			buildSettings = {
				ALWAYS_SEARCH_USER_PATHS = NO;
				CLANG_CXX_LANGUAGE_STANDARD = "gnu++0x";
				CLANG_CXX_LIBRARY = "libc++";
				CLANG_ENABLE_MODULES = YES;
				CLANG_ENABLE_OBJC_ARC = YES;
				CLANG_WARN_BOOL_CONVERSION = YES;
				CLANG_WARN_CONSTANT_CONVERSION = YES;
				CLANG_WARN_DIRECT_OBJC_ISA_USAGE = YES_ERROR;
				CLANG_WARN_EMPTY_BODY = YES;
				CLANG_WARN_ENUM_CONVERSION = YES;
				CLANG_WARN_INT_CONVERSION = YES;
				CLANG_WARN_OBJC_ROOT_CLASS = YES_ERROR;
				CLANG_WARN_UNREACHABLE_CODE = YES;
				CLANG_WARN__DUPLICATE_METHOD_MATCH = YES;
				"CODE_SIGN_IDENTITY[sdk=iphoneos*]" = "iPhone Developer";
				COPY_PHASE_STRIP = YES;
				ENABLE_NS_ASSERTIONS = NO;
				ENABLE_STRICT_OBJC_MSGSEND = YES;
				GCC_C_LANGUAGE_STANDARD = gnu99;
				GCC_WARN_64_TO_32_BIT_CONVERSION = YES;
				GCC_WARN_ABOUT_RETURN_TYPE = YES_ERROR;
				GCC_WARN_UNDECLARED_SELECTOR = YES;
				GCC_WARN_UNINITIALIZED_AUTOS = YES_AGGRESSIVE;
				GCC_WARN_UNUSED_FUNCTION = YES;
				GCC_WARN_UNUSED_VARIABLE = YES;
				IPHONEOS_DEPLOYMENT_TARGET = 8.1;
				MTL_ENABLE_DEBUG_INFO = NO;
				SDKROOT = iphoneos;
				VALIDATE_PRODUCT = YES;
			};
			name = Release;
		};
		007804E51AE4F480001C0553 /* Debug */ = {
			isa = XCBuildConfiguration;
			baseConfigurationReference = 1951D0D191672ACD813A59DF /* Pods.debug.xcconfig */;
			buildSettings = {
				ASSETCATALOG_COMPILER_APPICON_NAME = AppIcon;
				FRAMEWORK_SEARCH_PATHS = (
					"$(inherited)",
					"$(PROJECT_DIR)",
				);
				INFOPLIST_FILE = expandingTableViewCells/Info.plist;
				LD_RUNPATH_SEARCH_PATHS = "$(inherited) @executable_path/Frameworks";
				PRODUCT_NAME = "$(TARGET_NAME)";
				SWIFT_OBJC_BRIDGING_HEADER = "expandingTableViewCells/Bridging-Header.h";
			};
			name = Debug;
		};
		007804E61AE4F480001C0553 /* Release */ = {
			isa = XCBuildConfiguration;
			baseConfigurationReference = 171CE637D1C2531834FD082F /* Pods.release.xcconfig */;
			buildSettings = {
				ASSETCATALOG_COMPILER_APPICON_NAME = AppIcon;
				FRAMEWORK_SEARCH_PATHS = (
					"$(inherited)",
					"$(PROJECT_DIR)",
				);
				INFOPLIST_FILE = expandingTableViewCells/Info.plist;
				LD_RUNPATH_SEARCH_PATHS = "$(inherited) @executable_path/Frameworks";
				PRODUCT_NAME = "$(TARGET_NAME)";
				SWIFT_OBJC_BRIDGING_HEADER = "expandingTableViewCells/Bridging-Header.h";
			};
			name = Release;
		};
/* End XCBuildConfiguration section */

/* Begin XCConfigurationList section */
		007804C01AE4F47F001C0553 /* Build configuration list for PBXProject "expandingTableViewCells" */ = {
			isa = XCConfigurationList;
			buildConfigurations = (
				007804E21AE4F480001C0553 /* Debug */,
				007804E31AE4F480001C0553 /* Release */,
			);
			defaultConfigurationIsVisible = 0;
			defaultConfigurationName = Release;
		};
		007804E41AE4F480001C0553 /* Build configuration list for PBXNativeTarget "expandingTableViewCells" */ = {
			isa = XCConfigurationList;
			buildConfigurations = (
				007804E51AE4F480001C0553 /* Debug */,
				007804E61AE4F480001C0553 /* Release */,
			);
			defaultConfigurationIsVisible = 0;
			defaultConfigurationName = Release;
		};
/* End XCConfigurationList section */
	};
	rootObject = 007804BD1AE4F47F001C0553 /* Project object */;
}
