// !$*UTF8*$!
{
	archiveVersion = 1;
	classes = {
	};
	objectVersion = 46;
	objects = {

/* Begin PBXBuildFile section */
		007804CB1AE4F480001C0553 /* AppDelegate.swift in Sources */ = {isa = PBXBuildFile; fileRef = 007804CA1AE4F480001C0553 /* AppDelegate.swift */; };
		007804CD1AE4F480001C0553 /* ViewController.swift in Sources */ = {isa = PBXBuildFile; fileRef = 007804CC1AE4F480001C0553 /* ViewController.swift */; };
		007804D01AE4F480001C0553 /* Main.storyboard in Resources */ = {isa = PBXBuildFile; fileRef = 007804CE1AE4F480001C0553 /* Main.storyboard */; };
		007804D21AE4F480001C0553 /* Images.xcassets in Resources */ = {isa = PBXBuildFile; fileRef = 007804D11AE4F480001C0553 /* Images.xcassets */; };
		007804D51AE4F480001C0553 /* LaunchScreen.xib in Resources */ = {isa = PBXBuildFile; fileRef = 007804D31AE4F480001C0553 /* LaunchScreen.xib */; };
		007804E11AE4F480001C0553 /* expandingTableViewCellsTests.swift in Sources */ = {isa = PBXBuildFile; fileRef = 007804E01AE4F480001C0553 /* expandingTableViewCellsTests.swift */; };
/* End PBXBuildFile section */

/* Begin PBXContainerItemProxy section */
		007804DB1AE4F480001C0553 /* PBXContainerItemProxy */ = {
			isa = PBXContainerItemProxy;
			containerPortal = 007804BD1AE4F47F001C0553 /* Project object */;
			proxyType = 1;
			remoteGlobalIDString = 007804C41AE4F480001C0553;
			remoteInfo = expandingTableViewCells;
		};
/* End PBXContainerItemProxy section */

/* Begin PBXFileReference section */
		007804C51AE4F480001C0553 /* expandingTableViewCells.app */ = {isa = PBXFileReference; explicitFileType = wrapper.application; includeInIndex = 0; path = expandingTableViewCells.app; sourceTree = BUILT_PRODUCTS_DIR; };
		007804C91AE4F480001C0553 /* Info.plist */ = {isa = PBXFileReference; lastKnownFileType = text.plist.xml; path = Info.plist; sourceTree = "<group>"; };
		007804CA1AE4F480001C0553 /* AppDelegate.swift */ = {isa = PBXFileReference; lastKnownFileType = sourcecode.swift; path = AppDelegate.swift; sourceTree = "<group>"; };
		007804CC1AE4F480001C0553 /* ViewController.swift */ = {isa = PBXFileReference; lastKnownFileType = sourcecode.swift; path = ViewController.swift; sourceTree = "<group>"; };
		007804CF1AE4F480001C0553 /* Base */ = {isa = PBXFileReference; lastKnownFileType = file.storyboard; name = Base; path = Base.lproj/Main.storyboard; sourceTree = "<group>"; };
		007804D11AE4F480001C0553 /* Images.xcassets */ = {isa = PBXFileReference; lastKnownFileType = folder.assetcatalog; path = Images.xcassets; sourceTree = "<group>"; };
		007804D41AE4F480001C0553 /* Base */ = {isa = PBXFileReference; lastKnownFileType = file.xib; name = Base; path = Base.lproj/LaunchScreen.xib; sourceTree = "<group>"; };
		007804DA1AE4F480001C0553 /* expandingTableViewCellsTests.xctest */ = {isa = PBXFileReference; explicitFileType = wrapper.cfbundle; includeInIndex = 0; path = expandingTableViewCellsTests.xctest; sourceTree = BUILT_PRODUCTS_DIR; };
		007804DF1AE4F480001C0553 /* Info.plist */ = {isa = PBXFileReference; lastKnownFileType = text.plist.xml; path = Info.plist; sourceTree = "<group>"; };
		007804E01AE4F480001C0553 /* expandingTableViewCellsTests.swift */ = {isa = PBXFileReference; lastKnownFileType = sourcecode.swift; path = expandingTableViewCellsTests.swift; sourceTree = "<group>"; };
/* End PBXFileReference section */

/* Begin PBXFrameworksBuildPhase section */
		007804C21AE4F480001C0553 /* Frameworks */ = {
			isa = PBXFrameworksBuildPhase;
			buildActionMask = 2147483647;
			files = (
			);
			runOnlyForDeploymentPostprocessing = 0;
		};
		007804D71AE4F480001C0553 /* Frameworks */ = {
			isa = PBXFrameworksBuildPhase;
			buildActionMask = 2147483647;
			files = (
			);
			runOnlyForDeploymentPostprocessing = 0;
		};
/* End PBXFrameworksBuildPhase section */

/* Begin PBXGroup section */
		007804BC1AE4F47F001C0553 = {
			isa = PBXGroup;
			children = (
				007804C71AE4F480001C0553 /* expandingTableViewCells */,
				007804DD1AE4F480001C0553 /* expandingTableViewCellsTests */,
				007804C61AE4F480001C0553 /* Products */,
			);
			sourceTree = "<group>";
		};
		007804C61AE4F480001C0553 /* Products */ = {
			isa = PBXGroup;
			children = (
				007804C51AE4F480001C0553 /* expandingTableViewCells.app */,
				007804DA1AE4F480001C0553 /* expandingTableViewCellsTests.xctest */,
			);
			name = Products;
			sourceTree = "<group>";
		};
		007804C71AE4F480001C0553 /* expandingTableViewCells */ = {
			isa = PBXGroup;
			children = (
				007804CA1AE4F480001C0553 /* AppDelegate.swift */,
				007804CC1AE4F480001C0553 /* ViewController.swift */,
				007804CE1AE4F480001C0553 /* Main.storyboard */,
				007804D11AE4F480001C0553 /* Images.xcassets */,
				007804D31AE4F480001C0553 /* LaunchScreen.xib */,
				007804C81AE4F480001C0553 /* Supporting Files */,
			);
			path = expandingTableViewCells;
			sourceTree = "<group>";
		};
		007804C81AE4F480001C0553 /* Supporting Files */ = {
			isa = PBXGroup;
			children = (
				007804C91AE4F480001C0553 /* Info.plist */,
			);
			name = "Supporting Files";
			sourceTree = "<group>";
		};
		007804DD1AE4F480001C0553 /* expandingTableViewCellsTests */ = {
			isa = PBXGroup;
			children = (
				007804E01AE4F480001C0553 /* expandingTableViewCellsTests.swift */,
				007804DE1AE4F480001C0553 /* Supporting Files */,
			);
			path = expandingTableViewCellsTests;
			sourceTree = "<group>";
		};
		007804DE1AE4F480001C0553 /* Supporting Files */ = {
			isa = PBXGroup;
			children = (
				007804DF1AE4F480001C0553 /* Info.plist */,
			);
			name = "Supporting Files";
			sourceTree = "<group>";
		};
/* End PBXGroup section */

/* Begin PBXNativeTarget section */
		007804C41AE4F480001C0553 /* expandingTableViewCells */ = {
			isa = PBXNativeTarget;
			buildConfigurationList = 007804E41AE4F480001C0553 /* Build configuration list for PBXNativeTarget "expandingTableViewCells" */;
			buildPhases = (
				007804C11AE4F480001C0553 /* Sources */,
				007804C21AE4F480001C0553 /* Frameworks */,
				007804C31AE4F480001C0553 /* Resources */,
			);
			buildRules = (
			);
			dependencies = (
			);
			name = expandingTableViewCells;
			productName = expandingTableViewCells;
			productReference = 007804C51AE4F480001C0553 /* expandingTableViewCells.app */;
			productType = "com.apple.product-type.application";
		};
		007804D91AE4F480001C0553 /* expandingTableViewCellsTests */ = {
			isa = PBXNativeTarget;
			buildConfigurationList = 007804E71AE4F480001C0553 /* Build configuration list for PBXNativeTarget "expandingTableViewCellsTests" */;
			buildPhases = (
				007804D61AE4F480001C0553 /* Sources */,
				007804D71AE4F480001C0553 /* Frameworks */,
				007804D81AE4F480001C0553 /* Resources */,
			);
			buildRules = (
			);
			dependencies = (
				007804DC1AE4F480001C0553 /* PBXTargetDependency */,
			);
			name = expandingTableViewCellsTests;
			productName = expandingTableViewCellsTests;
			productReference = 007804DA1AE4F480001C0553 /* expandingTableViewCellsTests.xctest */;
			productType = "com.apple.product-type.bundle.unit-test";
		};
/* End PBXNativeTarget section */

/* Begin PBXProject section */
		007804BD1AE4F47F001C0553 /* Project object */ = {
			isa = PBXProject;
			attributes = {
				LastUpgradeCheck = 0610;
				ORGANIZATIONNAME = "Actual Experience plc";
				TargetAttributes = {
					007804C41AE4F480001C0553 = {
						CreatedOnToolsVersion = 6.1.1;
					};
					007804D91AE4F480001C0553 = {
						CreatedOnToolsVersion = 6.1.1;
						TestTargetID = 007804C41AE4F480001C0553;
					};
				};
			};
			buildConfigurationList = 007804C01AE4F47F001C0553 /* Build configuration list for PBXProject "expandingTableViewCells" */;
			compatibilityVersion = "Xcode 3.2";
			developmentRegion = English;
			hasScannedForEncodings = 0;
			knownRegions = (
				en,
				Base,
			);
			mainGroup = 007804BC1AE4F47F001C0553;
			productRefGroup = 007804C61AE4F480001C0553 /* Products */;
			projectDirPath = "";
			projectRoot = "";
			targets = (
				007804C41AE4F480001C0553 /* expandingTableViewCells */,
				007804D91AE4F480001C0553 /* expandingTableViewCellsTests */,
			);
		};
/* End PBXProject section */

/* Begin PBXResourcesBuildPhase section */
		007804C31AE4F480001C0553 /* Resources */ = {
			isa = PBXResourcesBuildPhase;
			buildActionMask = 2147483647;
			files = (
				007804D01AE4F480001C0553 /* Main.storyboard in Resources */,
				007804D51AE4F480001C0553 /* LaunchScreen.xib in Resources */,
				007804D21AE4F480001C0553 /* Images.xcassets in Resources */,
			);
			runOnlyForDeploymentPostprocessing = 0;
		};
		007804D81AE4F480001C0553 /* Resources */ = {
			isa = PBXResourcesBuildPhase;
			buildActionMask = 2147483647;
			files = (
			);
			runOnlyForDeploymentPostprocessing = 0;
		};
/* End PBXResourcesBuildPhase section */

/* Begin PBXSourcesBuildPhase section */
		007804C11AE4F480001C0553 /* Sources */ = {
			isa = PBXSourcesBuildPhase;
			buildActionMask = 2147483647;
			files = (
				007804CD1AE4F480001C0553 /* ViewController.swift in Sources */,
				007804CB1AE4F480001C0553 /* AppDelegate.swift in Sources */,
			);
			runOnlyForDeploymentPostprocessing = 0;
		};
		007804D61AE4F480001C0553 /* Sources */ = {
			isa = PBXSourcesBuildPhase;
			buildActionMask = 2147483647;
			files = (
				007804E11AE4F480001C0553 /* expandingTableViewCellsTests.swift in Sources */,
			);
			runOnlyForDeploymentPostprocessing = 0;
		};
/* End PBXSourcesBuildPhase section */

/* Begin PBXTargetDependency section */
		007804DC1AE4F480001C0553 /* PBXTargetDependency */ = {
			isa = PBXTargetDependency;
			target = 007804C41AE4F480001C0553 /* expandingTableViewCells */;
			targetProxy = 007804DB1AE4F480001C0553 /* PBXContainerItemProxy */;
		};
/* End PBXTargetDependency section */

/* Begin PBXVariantGroup section */
		007804CE1AE4F480001C0553 /* Main.storyboard */ = {
			isa = PBXVariantGroup;
			children = (
				007804CF1AE4F480001C0553 /* Base */,
			);
			name = Main.storyboard;
			sourceTree = "<group>";
		};
		007804D31AE4F480001C0553 /* LaunchScreen.xib */ = {
			isa = PBXVariantGroup;
			children = (
				007804D41AE4F480001C0553 /* Base */,
			);
			name = LaunchScreen.xib;
			sourceTree = "<group>";
		};
/* End PBXVariantGroup section */

/* Begin XCBuildConfiguration section */
		007804E21AE4F480001C0553 /* Debug */ = {
			isa = XCBuildConfiguration;
			buildSettings = {
				ALWAYS_SEARCH_USER_PATHS = NO;
				CLANG_CXX_LANGUAGE_STANDARD = "gnu++0x";
				CLANG_CXX_LIBRARY = "libc++";
				CLANG_ENABLE_MODULES = YES;
				CLANG_ENABLE_OBJC_ARC = YES;
				CLANG_WARN_BOOL_CONVERSION = YES;
				CLANG_WARN_CONSTANT_CONVERSION = YES;
				CLANG_WARN_DIRECT_OBJC_ISA_USAGE = YES_ERROR;
				CLANG_WARN_EMPTY_BODY = YES;
				CLANG_WARN_ENUM_CONVERSION = YES;
				CLANG_WARN_INT_CONVERSION = YES;
				CLANG_WARN_OBJC_ROOT_CLASS = YES_ERROR;
				CLANG_WARN_UNREACHABLE_CODE = YES;
				CLANG_WARN__DUPLICATE_METHOD_MATCH = YES;
				"CODE_SIGN_IDENTITY[sdk=iphoneos*]" = "iPhone Developer";
				COPY_PHASE_STRIP = NO;
				ENABLE_STRICT_OBJC_MSGSEND = YES;
				GCC_C_LANGUAGE_STANDARD = gnu99;
				GCC_DYNAMIC_NO_PIC = NO;
				GCC_OPTIMIZATION_LEVEL = 0;
				GCC_PREPROCESSOR_DEFINITIONS = (
					"DEBUG=1",
					"$(inherited)",
				);
				GCC_SYMBOLS_PRIVATE_EXTERN = NO;
				GCC_WARN_64_TO_32_BIT_CONVERSION = YES;
				GCC_WARN_ABOUT_RETURN_TYPE = YES_ERROR;
				GCC_WARN_UNDECLARED_SELECTOR = YES;
				GCC_WARN_UNINITIALIZED_AUTOS = YES_AGGRESSIVE;
				GCC_WARN_UNUSED_FUNCTION = YES;
				GCC_WARN_UNUSED_VARIABLE = YES;
				IPHONEOS_DEPLOYMENT_TARGET = 8.1;
				MTL_ENABLE_DEBUG_INFO = YES;
				ONLY_ACTIVE_ARCH = YES;
				SDKROOT = iphoneos;
				SWIFT_OPTIMIZATION_LEVEL = "-Onone";
			};
			name = Debug;
		};
		007804E31AE4F480001C0553 /* Release */ = {
			isa = XCBuildConfiguration;
			buildSettings = {
				ALWAYS_SEARCH_USER_PATHS = NO;
				CLANG_CXX_LANGUAGE_STANDARD = "gnu++0x";
				CLANG_CXX_LIBRARY = "libc++";
				CLANG_ENABLE_MODULES = YES;
				CLANG_ENABLE_OBJC_ARC = YES;
				CLANG_WARN_BOOL_CONVERSION = YES;
				CLANG_WARN_CONSTANT_CONVERSION = YES;
				CLANG_WARN_DIRECT_OBJC_ISA_USAGE = YES_ERROR;
				CLANG_WARN_EMPTY_BODY = YES;
				CLANG_WARN_ENUM_CONVERSION = YES;
				CLANG_WARN_INT_CONVERSION = YES;
				CLANG_WARN_OBJC_ROOT_CLASS = YES_ERROR;
				CLANG_WARN_UNREACHABLE_CODE = YES;
				CLANG_WARN__DUPLICATE_METHOD_MATCH = YES;
				"CODE_SIGN_IDENTITY[sdk=iphoneos*]" = "iPhone Developer";
				COPY_PHASE_STRIP = YES;
				ENABLE_NS_ASSERTIONS = NO;
				ENABLE_STRICT_OBJC_MSGSEND = YES;
				GCC_C_LANGUAGE_STANDARD = gnu99;
				GCC_WARN_64_TO_32_BIT_CONVERSION = YES;
				GCC_WARN_ABOUT_RETURN_TYPE = YES_ERROR;
				GCC_WARN_UNDECLARED_SELECTOR = YES;
				GCC_WARN_UNINITIALIZED_AUTOS = YES_AGGRESSIVE;
				GCC_WARN_UNUSED_FUNCTION = YES;
				GCC_WARN_UNUSED_VARIABLE = YES;
				IPHONEOS_DEPLOYMENT_TARGET = 8.1;
				MTL_ENABLE_DEBUG_INFO = NO;
				SDKROOT = iphoneos;
				VALIDATE_PRODUCT = YES;
			};
			name = Release;
		};
		007804E51AE4F480001C0553 /* Debug */ = {
			isa = XCBuildConfiguration;
			buildSettings = {
				ASSETCATALOG_COMPILER_APPICON_NAME = AppIcon;
				INFOPLIST_FILE = expandingTableViewCells/Info.plist;
				LD_RUNPATH_SEARCH_PATHS = "$(inherited) @executable_path/Frameworks";
				PRODUCT_NAME = "$(TARGET_NAME)";
			};
			name = Debug;
		};
		007804E61AE4F480001C0553 /* Release */ = {
			isa = XCBuildConfiguration;
			buildSettings = {
				ASSETCATALOG_COMPILER_APPICON_NAME = AppIcon;
				INFOPLIST_FILE = expandingTableViewCells/Info.plist;
				LD_RUNPATH_SEARCH_PATHS = "$(inherited) @executable_path/Frameworks";
				PRODUCT_NAME = "$(TARGET_NAME)";
			};
			name = Release;
		};
		007804E81AE4F480001C0553 /* Debug */ = {
			isa = XCBuildConfiguration;
			buildSettings = {
				BUNDLE_LOADER = "$(TEST_HOST)";
				FRAMEWORK_SEARCH_PATHS = (
					"$(SDKROOT)/Developer/Library/Frameworks",
					"$(inherited)",
				);
				GCC_PREPROCESSOR_DEFINITIONS = (
					"DEBUG=1",
					"$(inherited)",
				);
				INFOPLIST_FILE = expandingTableViewCellsTests/Info.plist;
				LD_RUNPATH_SEARCH_PATHS = "$(inherited) @executable_path/Frameworks @loader_path/Frameworks";
				PRODUCT_NAME = "$(TARGET_NAME)";
				TEST_HOST = "$(BUILT_PRODUCTS_DIR)/expandingTableViewCells.app/expandingTableViewCells";
			};
			name = Debug;
		};
		007804E91AE4F480001C0553 /* Release */ = {
			isa = XCBuildConfiguration;
			buildSettings = {
				BUNDLE_LOADER = "$(TEST_HOST)";
				FRAMEWORK_SEARCH_PATHS = (
					"$(SDKROOT)/Developer/Library/Frameworks",
					"$(inherited)",
				);
				INFOPLIST_FILE = expandingTableViewCellsTests/Info.plist;
				LD_RUNPATH_SEARCH_PATHS = "$(inherited) @executable_path/Frameworks @loader_path/Frameworks";
				PRODUCT_NAME = "$(TARGET_NAME)";
				TEST_HOST = "$(BUILT_PRODUCTS_DIR)/expandingTableViewCells.app/expandingTableViewCells";
			};
			name = Release;
		};
/* End XCBuildConfiguration section */

/* Begin XCConfigurationList section */
		007804C01AE4F47F001C0553 /* Build configuration list for PBXProject "expandingTableViewCells" */ = {
			isa = XCConfigurationList;
			buildConfigurations = (
				007804E21AE4F480001C0553 /* Debug */,
				007804E31AE4F480001C0553 /* Release */,
			);
			defaultConfigurationIsVisible = 0;
			defaultConfigurationName = Release;
		};
		007804E41AE4F480001C0553 /* Build configuration list for PBXNativeTarget "expandingTableViewCells" */ = {
			isa = XCConfigurationList;
			buildConfigurations = (
				007804E51AE4F480001C0553 /* Debug */,
				007804E61AE4F480001C0553 /* Release */,
			);
			defaultConfigurationIsVisible = 0;
		};
		007804E71AE4F480001C0553 /* Build configuration list for PBXNativeTarget "expandingTableViewCellsTests" */ = {
			isa = XCConfigurationList;
			buildConfigurations = (
				007804E81AE4F480001C0553 /* Debug */,
				007804E91AE4F480001C0553 /* Release */,
			);
			defaultConfigurationIsVisible = 0;
		};
/* End XCConfigurationList section */
	};
	rootObject = 007804BD1AE4F47F001C0553 /* Project object */;
}
